
Microsoft Visual Studio Solution File, Format Version 12.00
# Visual Studio Version 17
VisualStudioVersion = 17.4.33122.133
MinimumVisualStudioVersion = 10.0.40219.1
Project("{FAE04EC0-301F-11D3-BF4B-00C04F79EFBC}") = "ConsoleApp1", "ConsoleApp1.csproj", "{7C1291F3-AB11-4A1B-856D-3833B6ABE174}"
EndProject
Project("{FAE04EC0-301F-11D3-BF4B-00C04F79EFBC}") = "SinavNotuHesaplama", "..\SinavNotuHesaplama\SinavNotuHesaplama.csproj", "{2147CF05-2F80-446F-8DBC-05A64D681337}"
EndProject
Project("{FAE04EC0-301F-11D3-BF4B-00C04F79EFBC}") = "KararYapilari", "..\KararYapilari\KararYapilari.csproj", "{20E19A33-8777-487C-B0B4-2BC2E5069ABB}"
EndProject
Global
	GlobalSection(SolutionConfigurationPlatforms) = preSolution
		Debug|Any CPU = Debug|Any CPU
		Release|Any CPU = Release|Any CPU
	EndGlobalSection
	GlobalSection(ProjectConfigurationPlatforms) = postSolution
		{7C1291F3-AB11-4A1B-856D-3833B6ABE174}.Debug|Any CPU.ActiveCfg = Debug|Any CPU
		{7C1291F3-AB11-4A1B-856D-3833B6ABE174}.Debug|Any CPU.Build.0 = Debug|Any CPU
		{7C1291F3-AB11-4A1B-856D-3833B6ABE174}.Release|Any CPU.ActiveCfg = Release|Any CPU
		{7C1291F3-AB11-4A1B-856D-3833B6ABE174}.Release|Any CPU.Build.0 = Release|Any CPU
		{2147CF05-2F80-446F-8DBC-05A64D681337}.Debug|Any CPU.ActiveCfg = Debug|Any CPU
		{2147CF05-2F80-446F-8DBC-05A64D681337}.Debug|Any CPU.Build.0 = Debug|Any CPU
		{2147CF05-2F80-446F-8DBC-05A64D681337}.Release|Any CPU.ActiveCfg = Release|Any CPU
		{2147CF05-2F80-446F-8DBC-05A64D681337}.Release|Any CPU.Build.0 = Release|Any CPU
		{20E19A33-8777-487C-B0B4-2BC2E5069ABB}.Debug|Any CPU.ActiveCfg = Debug|Any CPU
		{20E19A33-8777-487C-B0B4-2BC2E5069ABB}.Debug|Any CPU.Build.0 = Debug|Any CPU
		{20E19A33-8777-487C-B0B4-2BC2E5069ABB}.Release|Any CPU.ActiveCfg = Release|Any CPU
		{20E19A33-8777-487C-B0B4-2BC2E5069ABB}.Release|Any CPU.Build.0 = Release|Any CPU
	EndGlobalSection
	GlobalSection(SolutionProperties) = preSolution
		HideSolutionNode = FALSE
	EndGlobalSection
	GlobalSection(ExtensibilityGlobals) = postSolution
		SolutionGuid = {15749F9C-1DD9-4E22-969B-E7A4502E245F}
	EndGlobalSection
EndGlobal
