
Microsoft Visual Studio Solution File, Format Version 12.00
# Visual Studio Version 17
VisualStudioVersion = 17.4.33122.133
MinimumVisualStudioVersion = 10.0.40219.1
Project("{FAE04EC0-301F-11D3-BF4B-00C04F79EFBC}") = "EtutOrnekler", "EtutOrnekler.csproj", "{3E78FBB2-3044-4CFC-9E73-6390B46DA12F}"
EndProject
Project("{FAE04EC0-301F-11D3-BF4B-00C04F79EFBC}") = "ConsoleApp2", "..\ConsoleApp2\ConsoleApp2.csproj", "{2B7184FC-1465-4004-8497-D9452E909081}"
EndProject
Global
	GlobalSection(SolutionConfigurationPlatforms) = preSolution
		Debug|Any CPU = Debug|Any CPU
		Release|Any CPU = Release|Any CPU
	EndGlobalSection
	GlobalSection(ProjectConfigurationPlatforms) = postSolution
		{3E78FBB2-3044-4CFC-9E73-6390B46DA12F}.Debug|Any CPU.ActiveCfg = Debug|Any CPU
		{3E78FBB2-3044-4CFC-9E73-6390B46DA12F}.Debug|Any CPU.Build.0 = Debug|Any CPU
		{3E78FBB2-3044-4CFC-9E73-6390B46DA12F}.Release|Any CPU.ActiveCfg = Release|Any CPU
		{3E78FBB2-3044-4CFC-9E73-6390B46DA12F}.Release|Any CPU.Build.0 = Release|Any CPU
		{2B7184FC-1465-4004-8497-D9452E909081}.Debug|Any CPU.ActiveCfg = Debug|Any CPU
		{2B7184FC-1465-4004-8497-D9452E909081}.Debug|Any CPU.Build.0 = Debug|Any CPU
		{2B7184FC-1465-4004-8497-D9452E909081}.Release|Any CPU.ActiveCfg = Release|Any CPU
		{2B7184FC-1465-4004-8497-D9452E909081}.Release|Any CPU.Build.0 = Release|Any CPU
	EndGlobalSection
	GlobalSection(SolutionProperties) = preSolution
		HideSolutionNode = FALSE
	EndGlobalSection
	GlobalSection(ExtensibilityGlobals) = postSolution
		SolutionGuid = {AA8A8CA2-9090-47A3-A0D6-32020CA81CD2}
	EndGlobalSection
EndGlobal
